
Microsoft Visual Studio Solution File, Format Version 12.00
# Visual Studio Version 17
VisualStudioVersion = 17.4.33213.308
MinimumVisualStudioVersion = 10.0.40219.1
Project("{FAE04EC0-301F-11D3-BF4B-00C04F79EFBC}") = "Console1", "Console1\Console1.csproj", "{8E56B418-283A-4E88-9A5A-C25B4B2C9D18}"
EndProject
Global
	GlobalSection(SolutionConfigurationPlatforms) = preSolution
		Debug|Any CPU = Debug|Any CPU
		Release|Any CPU = Release|Any CPU
	EndGlobalSection
	GlobalSection(ProjectConfigurationPlatforms) = postSolution
		{8E56B418-283A-4E88-9A5A-C25B4B2C9D18}.Debug|Any CPU.ActiveCfg = Debug|Any CPU
		{8E56B418-283A-4E88-9A5A-C25B4B2C9D18}.Debug|Any CPU.Build.0 = Debug|Any CPU
		{8E56B418-283A-4E88-9A5A-C25B4B2C9D18}.Release|Any CPU.ActiveCfg = Release|Any CPU
		{8E56B418-283A-4E88-9A5A-C25B4B2C9D18}.Release|Any CPU.Build.0 = Release|Any CPU
	EndGlobalSection
	GlobalSection(SolutionProperties) = preSolution
		HideSolutionNode = FALSE
	EndGlobalSection
	GlobalSection(ExtensibilityGlobals) = postSolution
		SolutionGuid = {166C2BF3-4505-4F69-865B-1324891F3044}
	EndGlobalSection
EndGlobal
